// !$*UTF8*$!
{
	archiveVersion = 1;
	classes = {
	};
	objectVersion = 46;
	objects = {

/* Begin PBXBuildFile section */
		9532DCA519763A3A0001279D /* Graph.m in Sources */ = {isa = PBXBuildFile; fileRef = 9532DCA419763A3A0001279D /* Graph.m */; };
		9532DCAB19763AEF0001279D /* HT6022.c in Sources */ = {isa = PBXBuildFile; fileRef = 9532DCA919763AEF0001279D /* HT6022.c */; };
		9532DCAC19763AEF0001279D /* HT6022fw.c in Sources */ = {isa = PBXBuildFile; fileRef = 9532DCAA19763AEF0001279D /* HT6022fw.c */; };
		95C887E11976389A00865187 /* Cocoa.framework in Frameworks */ = {isa = PBXBuildFile; fileRef = 95C887E01976389A00865187 /* Cocoa.framework */; };
		95C887EB1976389A00865187 /* InfoPlist.strings in Resources */ = {isa = PBXBuildFile; fileRef = 95C887E91976389A00865187 /* InfoPlist.strings */; };
		95C887ED1976389A00865187 /* main.m in Sources */ = {isa = PBXBuildFile; fileRef = 95C887EC1976389A00865187 /* main.m */; };
		95C887F11976389A00865187 /* Credits.rtf in Resources */ = {isa = PBXBuildFile; fileRef = 95C887EF1976389A00865187 /* Credits.rtf */; };
		95C887F41976389A00865187 /* AppDelegate.m in Sources */ = {isa = PBXBuildFile; fileRef = 95C887F31976389A00865187 /* AppDelegate.m */; };
		95C887F71976389A00865187 /* MainMenu.xib in Resources */ = {isa = PBXBuildFile; fileRef = 95C887F51976389A00865187 /* MainMenu.xib */; };
		95C887F91976389A00865187 /* Images.xcassets in Resources */ = {isa = PBXBuildFile; fileRef = 95C887F81976389A00865187 /* Images.xcassets */; };
		95C888001976389A00865187 /* XCTest.framework in Frameworks */ = {isa = PBXBuildFile; fileRef = 95C887FF1976389A00865187 /* XCTest.framework */; };
		95C888011976389A00865187 /* Cocoa.framework in Frameworks */ = {isa = PBXBuildFile; fileRef = 95C887E01976389A00865187 /* Cocoa.framework */; };
		95FCD1BD19763CF1004CB648 /* libusb-1.0.a in Frameworks */ = {isa = PBXBuildFile; fileRef = 95FCD1BC19763CF1004CB648 /* libusb-1.0.a */; };
/* End PBXBuildFile section */

/* Begin PBXContainerItemProxy section */
		95C888021976389A00865187 /* PBXContainerItemProxy */ = {
			isa = PBXContainerItemProxy;
			containerPortal = 95C887D51976389A00865187 /* Project object */;
			proxyType = 1;
			remoteGlobalIDString = 95C887DC1976389A00865187;
			remoteInfo = HT6022_OSX;
		};
/* End PBXContainerItemProxy section */

/* Begin PBXFileReference section */
		9532DCA319763A3A0001279D /* Graph.h */ = {isa = PBXFileReference; fileEncoding = 4; lastKnownFileType = sourcecode.c.h; path = Graph.h; sourceTree = "<group>"; };
		9532DCA419763A3A0001279D /* Graph.m */ = {isa = PBXFileReference; fileEncoding = 4; lastKnownFileType = sourcecode.c.objc; path = Graph.m; sourceTree = "<group>"; };
		9532DCA719763AEF0001279D /* HT6022.h */ = {isa = PBXFileReference; fileEncoding = 4; lastKnownFileType = sourcecode.c.h; name = HT6022.h; path = Driver/Inc/HT6022.h; sourceTree = SOURCE_ROOT; };
		9532DCA819763AEF0001279D /* HT6022fw.h */ = {isa = PBXFileReference; fileEncoding = 4; lastKnownFileType = sourcecode.c.h; name = HT6022fw.h; path = Driver/Inc/HT6022fw.h; sourceTree = SOURCE_ROOT; };
		9532DCA919763AEF0001279D /* HT6022.c */ = {isa = PBXFileReference; fileEncoding = 4; lastKnownFileType = sourcecode.c.c; name = HT6022.c; path = Driver/Src/HT6022.c; sourceTree = SOURCE_ROOT; };
		9532DCAA19763AEF0001279D /* HT6022fw.c */ = {isa = PBXFileReference; fileEncoding = 4; lastKnownFileType = sourcecode.c.c; name = HT6022fw.c; path = Driver/Src/HT6022fw.c; sourceTree = SOURCE_ROOT; };
		9532DCAD19763C540001279D /* libusb.dylib */ = {isa = PBXFileReference; lastKnownFileType = "compiled.mach-o.dylib"; name = libusb.dylib; path = ../../../../usr/local/lib/libusb.dylib; sourceTree = "<group>"; };
		95C887DD1976389A00865187 /* HT6022_OSX.app */ = {isa = PBXFileReference; explicitFileType = wrapper.application; includeInIndex = 0; path = HT6022_OSX.app; sourceTree = BUILT_PRODUCTS_DIR; };
		95C887E01976389A00865187 /* Cocoa.framework */ = {isa = PBXFileReference; lastKnownFileType = wrapper.framework; name = Cocoa.framework; path = System/Library/Frameworks/Cocoa.framework; sourceTree = SDKROOT; };
		95C887E31976389A00865187 /* AppKit.framework */ = {isa = PBXFileReference; lastKnownFileType = wrapper.framework; name = AppKit.framework; path = System/Library/Frameworks/AppKit.framework; sourceTree = SDKROOT; };
		95C887E41976389A00865187 /* CoreData.framework */ = {isa = PBXFileReference; lastKnownFileType = wrapper.framework; name = CoreData.framework; path = System/Library/Frameworks/CoreData.framework; sourceTree = SDKROOT; };
		95C887E51976389A00865187 /* Foundation.framework */ = {isa = PBXFileReference; lastKnownFileType = wrapper.framework; name = Foundation.framework; path = System/Library/Frameworks/Foundation.framework; sourceTree = SDKROOT; };
		95C887E81976389A00865187 /* HT6022_OSX-Info.plist */ = {isa = PBXFileReference; lastKnownFileType = text.plist.xml; path = "HT6022_OSX-Info.plist"; sourceTree = "<group>"; };
		95C887EA1976389A00865187 /* en */ = {isa = PBXFileReference; lastKnownFileType = text.plist.strings; name = en; path = en.lproj/InfoPlist.strings; sourceTree = "<group>"; };
		95C887EC1976389A00865187 /* main.m */ = {isa = PBXFileReference; lastKnownFileType = sourcecode.c.objc; path = main.m; sourceTree = "<group>"; };
		95C887EE1976389A00865187 /* HT6022_OSX-Prefix.pch */ = {isa = PBXFileReference; lastKnownFileType = sourcecode.c.h; path = "HT6022_OSX-Prefix.pch"; sourceTree = "<group>"; };
		95C887F01976389A00865187 /* en */ = {isa = PBXFileReference; lastKnownFileType = text.rtf; name = en; path = en.lproj/Credits.rtf; sourceTree = "<group>"; };
		95C887F21976389A00865187 /* AppDelegate.h */ = {isa = PBXFileReference; lastKnownFileType = sourcecode.c.h; path = AppDelegate.h; sourceTree = "<group>"; };
		95C887F31976389A00865187 /* AppDelegate.m */ = {isa = PBXFileReference; lastKnownFileType = sourcecode.c.objc; path = AppDelegate.m; sourceTree = "<group>"; };
		95C887F61976389A00865187 /* Base */ = {isa = PBXFileReference; lastKnownFileType = file.xib; name = Base; path = Base.lproj/MainMenu.xib; sourceTree = "<group>"; };
		95C887F81976389A00865187 /* Images.xcassets */ = {isa = PBXFileReference; lastKnownFileType = folder.assetcatalog; name = Images.xcassets; path = HT6022_OSX/Images.xcassets; sourceTree = "<group>"; };
		95C887FE1976389A00865187 /* HT6022_OSXTests.xctest */ = {isa = PBXFileReference; explicitFileType = wrapper.cfbundle; includeInIndex = 0; path = HT6022_OSXTests.xctest; sourceTree = BUILT_PRODUCTS_DIR; };
		95C887FF1976389A00865187 /* XCTest.framework */ = {isa = PBXFileReference; lastKnownFileType = wrapper.framework; name = XCTest.framework; path = Library/Frameworks/XCTest.framework; sourceTree = DEVELOPER_DIR; };
		95FCD1BC19763CF1004CB648 /* libusb-1.0.a */ = {isa = PBXFileReference; lastKnownFileType = archive.ar; name = "libusb-1.0.a"; path = "../../../../usr/local/lib/libusb-1.0.a"; sourceTree = "<group>"; };
/* End PBXFileReference section */

/* Begin PBXFrameworksBuildPhase section */
		95C887DA1976389A00865187 /* Frameworks */ = {
			isa = PBXFrameworksBuildPhase;
			buildActionMask = 2147483647;
			files = (
				95C887E11976389A00865187 /* Cocoa.framework in Frameworks */,
				95FCD1BD19763CF1004CB648 /* libusb-1.0.a in Frameworks */,
			);
			runOnlyForDeploymentPostprocessing = 0;
		};
		95C887FB1976389A00865187 /* Frameworks */ = {
			isa = PBXFrameworksBuildPhase;
			buildActionMask = 2147483647;
			files = (
				95C888011976389A00865187 /* Cocoa.framework in Frameworks */,
				95C888001976389A00865187 /* XCTest.framework in Frameworks */,
			);
			runOnlyForDeploymentPostprocessing = 0;
		};
/* End PBXFrameworksBuildPhase section */

/* Begin PBXGroup section */
		9532DCA619763ACD0001279D /* Driver */ = {
			isa = PBXGroup;
			children = (
				9532DCA719763AEF0001279D /* HT6022.h */,
				9532DCA819763AEF0001279D /* HT6022fw.h */,
				9532DCA919763AEF0001279D /* HT6022.c */,
				9532DCAA19763AEF0001279D /* HT6022fw.c */,
			);
			name = Driver;
			sourceTree = "<group>";
		};
		95C887D41976389A00865187 = {
			isa = PBXGroup;
			children = (
				95C887E61976389A00865187 /* HT6022_OSX */,
				95C887DF1976389A00865187 /* Frameworks */,
				95C887DE1976389A00865187 /* Products */,
				95C887F81976389A00865187 /* Images.xcassets */,
			);
			sourceTree = "<group>";
		};
		95C887DE1976389A00865187 /* Products */ = {
			isa = PBXGroup;
			children = (
				95C887DD1976389A00865187 /* HT6022_OSX.app */,
				95C887FE1976389A00865187 /* HT6022_OSXTests.xctest */,
			);
			name = Products;
			sourceTree = "<group>";
		};
		95C887DF1976389A00865187 /* Frameworks */ = {
			isa = PBXGroup;
			children = (
				95FCD1BC19763CF1004CB648 /* libusb-1.0.a */,
				9532DCAD19763C540001279D /* libusb.dylib */,
				95C887E01976389A00865187 /* Cocoa.framework */,
				95C887FF1976389A00865187 /* XCTest.framework */,
				95C887E21976389A00865187 /* Other Frameworks */,
			);
			name = Frameworks;
			sourceTree = "<group>";
		};
		95C887E21976389A00865187 /* Other Frameworks */ = {
			isa = PBXGroup;
			children = (
				95C887E31976389A00865187 /* AppKit.framework */,
				95C887E41976389A00865187 /* CoreData.framework */,
				95C887E51976389A00865187 /* Foundation.framework */,
			);
			name = "Other Frameworks";
			sourceTree = "<group>";
		};
		95C887E61976389A00865187 /* HT6022_OSX */ = {
			isa = PBXGroup;
			children = (
				9532DCA619763ACD0001279D /* Driver */,
				9532DCA319763A3A0001279D /* Graph.h */,
				9532DCA419763A3A0001279D /* Graph.m */,
				95C887F21976389A00865187 /* AppDelegate.h */,
				95C887F31976389A00865187 /* AppDelegate.m */,
				95C887F51976389A00865187 /* MainMenu.xib */,
				95C887E71976389A00865187 /* Supporting Files */,
			);
			path = HT6022_OSX;
			sourceTree = "<group>";
		};
		95C887E71976389A00865187 /* Supporting Files */ = {
			isa = PBXGroup;
			children = (
				95C887E81976389A00865187 /* HT6022_OSX-Info.plist */,
				95C887E91976389A00865187 /* InfoPlist.strings */,
				95C887EC1976389A00865187 /* main.m */,
				95C887EE1976389A00865187 /* HT6022_OSX-Prefix.pch */,
				95C887EF1976389A00865187 /* Credits.rtf */,
			);
			name = "Supporting Files";
			sourceTree = "<group>";
		};
/* End PBXGroup section */

/* Begin PBXNativeTarget section */
		95C887DC1976389A00865187 /* HT6022_OSX */ = {
			isa = PBXNativeTarget;
			buildConfigurationList = 95C8880E1976389A00865187 /* Build configuration list for PBXNativeTarget "HT6022_OSX" */;
			buildPhases = (
				95C887D91976389A00865187 /* Sources */,
				95C887DA1976389A00865187 /* Frameworks */,
				95C887DB1976389A00865187 /* Resources */,
			);
			buildRules = (
			);
			dependencies = (
			);
			name = HT6022_OSX;
			productName = HT6022_OSX;
			productReference = 95C887DD1976389A00865187 /* HT6022_OSX.app */;
			productType = "com.apple.product-type.application";
		};
		95C887FD1976389A00865187 /* HT6022_OSXTests */ = {
			isa = PBXNativeTarget;
			buildConfigurationList = 95C888111976389A00865187 /* Build configuration list for PBXNativeTarget "HT6022_OSXTests" */;
			buildPhases = (
				95C887FA1976389A00865187 /* Sources */,
				95C887FB1976389A00865187 /* Frameworks */,
				95C887FC1976389A00865187 /* Resources */,
			);
			buildRules = (
			);
			dependencies = (
				95C888031976389A00865187 /* PBXTargetDependency */,
			);
			name = HT6022_OSXTests;
			productName = HT6022_OSXTests;
			productReference = 95C887FE1976389A00865187 /* HT6022_OSXTests.xctest */;
			productType = "com.apple.product-type.bundle.unit-test";
		};
/* End PBXNativeTarget section */

/* Begin PBXProject section */
		95C887D51976389A00865187 /* Project object */ = {
			isa = PBXProject;
			attributes = {
				LastUpgradeCheck = 0510;
				TargetAttributes = {
					95C887FD1976389A00865187 = {
						TestTargetID = 95C887DC1976389A00865187;
					};
				};
			};
			buildConfigurationList = 95C887D81976389A00865187 /* Build configuration list for PBXProject "HT6022_OSX" */;
			compatibilityVersion = "Xcode 3.2";
			developmentRegion = English;
			hasScannedForEncodings = 0;
			knownRegions = (
				en,
				Base,
			);
			mainGroup = 95C887D41976389A00865187;
			productRefGroup = 95C887DE1976389A00865187 /* Products */;
			projectDirPath = "";
			projectRoot = "";
			targets = (
				95C887DC1976389A00865187 /* HT6022_OSX */,
				95C887FD1976389A00865187 /* HT6022_OSXTests */,
			);
		};
/* End PBXProject section */

/* Begin PBXResourcesBuildPhase section */
		95C887DB1976389A00865187 /* Resources */ = {
			isa = PBXResourcesBuildPhase;
			buildActionMask = 2147483647;
			files = (
				95C887EB1976389A00865187 /* InfoPlist.strings in Resources */,
				95C887F91976389A00865187 /* Images.xcassets in Resources */,
				95C887F11976389A00865187 /* Credits.rtf in Resources */,
				95C887F71976389A00865187 /* MainMenu.xib in Resources */,
			);
			runOnlyForDeploymentPostprocessing = 0;
		};
		95C887FC1976389A00865187 /* Resources */ = {
			isa = PBXResourcesBuildPhase;
			buildActionMask = 2147483647;
			files = (
			);
			runOnlyForDeploymentPostprocessing = 0;
		};
/* End PBXResourcesBuildPhase section */

/* Begin PBXSourcesBuildPhase section */
		95C887D91976389A00865187 /* Sources */ = {
			isa = PBXSourcesBuildPhase;
			buildActionMask = 2147483647;
			files = (
				9532DCA519763A3A0001279D /* Graph.m in Sources */,
				95C887F41976389A00865187 /* AppDelegate.m in Sources */,
				9532DCAC19763AEF0001279D /* HT6022fw.c in Sources */,
				95C887ED1976389A00865187 /* main.m in Sources */,
				9532DCAB19763AEF0001279D /* HT6022.c in Sources */,
			);
			runOnlyForDeploymentPostprocessing = 0;
		};
		95C887FA1976389A00865187 /* Sources */ = {
			isa = PBXSourcesBuildPhase;
			buildActionMask = 2147483647;
			files = (
			);
			runOnlyForDeploymentPostprocessing = 0;
		};
/* End PBXSourcesBuildPhase section */

/* Begin PBXTargetDependency section */
		95C888031976389A00865187 /* PBXTargetDependency */ = {
			isa = PBXTargetDependency;
			target = 95C887DC1976389A00865187 /* HT6022_OSX */;
			targetProxy = 95C888021976389A00865187 /* PBXContainerItemProxy */;
		};
/* End PBXTargetDependency section */

/* Begin PBXVariantGroup section */
		95C887E91976389A00865187 /* InfoPlist.strings */ = {
			isa = PBXVariantGroup;
			children = (
				95C887EA1976389A00865187 /* en */,
			);
			name = InfoPlist.strings;
			sourceTree = "<group>";
		};
		95C887EF1976389A00865187 /* Credits.rtf */ = {
			isa = PBXVariantGroup;
			children = (
				95C887F01976389A00865187 /* en */,
			);
			name = Credits.rtf;
			sourceTree = "<group>";
		};
		95C887F51976389A00865187 /* MainMenu.xib */ = {
			isa = PBXVariantGroup;
			children = (
				95C887F61976389A00865187 /* Base */,
			);
			name = MainMenu.xib;
			sourceTree = "<group>";
		};
/* End PBXVariantGroup section */

/* Begin XCBuildConfiguration section */
		95C8880C1976389A00865187 /* Debug */ = {
			isa = XCBuildConfiguration;
			buildSettings = {
				ALWAYS_SEARCH_USER_PATHS = YES;
				CLANG_CXX_LANGUAGE_STANDARD = "gnu++0x";
				CLANG_CXX_LIBRARY = "libc++";
				CLANG_ENABLE_MODULES = YES;
				CLANG_ENABLE_OBJC_ARC = YES;
				CLANG_WARN_BOOL_CONVERSION = YES;
				CLANG_WARN_CONSTANT_CONVERSION = YES;
				CLANG_WARN_DIRECT_OBJC_ISA_USAGE = YES_ERROR;
				CLANG_WARN_EMPTY_BODY = YES;
				CLANG_WARN_ENUM_CONVERSION = YES;
				CLANG_WARN_INT_CONVERSION = YES;
				CLANG_WARN_OBJC_ROOT_CLASS = YES_ERROR;
				CLANG_WARN__DUPLICATE_METHOD_MATCH = YES;
				COPY_PHASE_STRIP = NO;
				GCC_C_LANGUAGE_STANDARD = gnu99;
				GCC_DYNAMIC_NO_PIC = NO;
				GCC_ENABLE_OBJC_EXCEPTIONS = YES;
				GCC_OPTIMIZATION_LEVEL = 0;
				GCC_PREPROCESSOR_DEFINITIONS = (
					"DEBUG=1",
					"$(inherited)",
				);
				GCC_SYMBOLS_PRIVATE_EXTERN = NO;
				GCC_WARN_64_TO_32_BIT_CONVERSION = YES;
				GCC_WARN_ABOUT_RETURN_TYPE = YES_ERROR;
				GCC_WARN_UNDECLARED_SELECTOR = YES;
				GCC_WARN_UNINITIALIZED_AUTOS = YES_AGGRESSIVE;
				GCC_WARN_UNUSED_FUNCTION = YES;
				GCC_WARN_UNUSED_VARIABLE = YES;
				LIBRARY_SEARCH_PATHS = /usr/local/lib;
				MACOSX_DEPLOYMENT_TARGET = 10.7;
				ONLY_ACTIVE_ARCH = YES;
				SDKROOT = macosx;
				USER_HEADER_SEARCH_PATHS = /usr/local/include;
			};
			name = Debug;
		};
		95C8880D1976389A00865187 /* Release */ = {
			isa = XCBuildConfiguration;
			buildSettings = {
				ALWAYS_SEARCH_USER_PATHS = YES;
				CLANG_CXX_LANGUAGE_STANDARD = "gnu++0x";
				CLANG_CXX_LIBRARY = "libc++";
				CLANG_ENABLE_MODULES = YES;
				CLANG_ENABLE_OBJC_ARC = YES;
				CLANG_WARN_BOOL_CONVERSION = YES;
				CLANG_WARN_CONSTANT_CONVERSION = YES;
				CLANG_WARN_DIRECT_OBJC_ISA_USAGE = YES_ERROR;
				CLANG_WARN_EMPTY_BODY = YES;
				CLANG_WARN_ENUM_CONVERSION = YES;
				CLANG_WARN_INT_CONVERSION = YES;
				CLANG_WARN_OBJC_ROOT_CLASS = YES_ERROR;
				CLANG_WARN__DUPLICATE_METHOD_MATCH = YES;
				COPY_PHASE_STRIP = YES;
				DEBUG_INFORMATION_FORMAT = "dwarf-with-dsym";
				ENABLE_NS_ASSERTIONS = NO;
				GCC_C_LANGUAGE_STANDARD = gnu99;
				GCC_ENABLE_OBJC_EXCEPTIONS = YES;
				GCC_WARN_64_TO_32_BIT_CONVERSION = YES;
				GCC_WARN_ABOUT_RETURN_TYPE = YES_ERROR;
				GCC_WARN_UNDECLARED_SELECTOR = YES;
				GCC_WARN_UNINITIALIZED_AUTOS = YES_AGGRESSIVE;
				GCC_WARN_UNUSED_FUNCTION = YES;
				GCC_WARN_UNUSED_VARIABLE = YES;
				LIBRARY_SEARCH_PATHS = /usr/local/lib;
				MACOSX_DEPLOYMENT_TARGET = 10.7;
				SDKROOT = macosx;
				USER_HEADER_SEARCH_PATHS = /usr/local/include;
			};
			name = Release;
		};
		95C8880F1976389A00865187 /* Debug */ = {
			isa = XCBuildConfiguration;
			buildSettings = {
				ASSETCATALOG_COMPILER_APPICON_NAME = AppIcon;
				COMBINE_HIDPI_IMAGES = YES;
				GCC_PRECOMPILE_PREFIX_HEADER = YES;
				GCC_PREFIX_HEADER = "HT6022_OSX/HT6022_OSX-Prefix.pch";
				INFOPLIST_FILE = "HT6022_OSX/HT6022_OSX-Info.plist";
				PRODUCT_NAME = "$(TARGET_NAME)";
				WRAPPER_EXTENSION = app;
			};
			name = Debug;
		};
		95C888101976389A00865187 /* Release */ = {
			isa = XCBuildConfiguration;
			buildSettings = {
				ASSETCATALOG_COMPILER_APPICON_NAME = AppIcon;
				COMBINE_HIDPI_IMAGES = YES;
				GCC_PRECOMPILE_PREFIX_HEADER = YES;
				GCC_PREFIX_HEADER = "HT6022_OSX/HT6022_OSX-Prefix.pch";
				INFOPLIST_FILE = "HT6022_OSX/HT6022_OSX-Info.plist";
				PRODUCT_NAME = "$(TARGET_NAME)";
				WRAPPER_EXTENSION = app;
			};
			name = Release;
		};
		95C888121976389A00865187 /* Debug */ = {
			isa = XCBuildConfiguration;
			buildSettings = {
				BUNDLE_LOADER = "$(BUILT_PRODUCTS_DIR)/HT6022_OSX.app/Contents/MacOS/HT6022_OSX";
				COMBINE_HIDPI_IMAGES = YES;
				FRAMEWORK_SEARCH_PATHS = (
					"$(DEVELOPER_FRAMEWORKS_DIR)",
					"$(inherited)",
				);
				GCC_PRECOMPILE_PREFIX_HEADER = YES;
				GCC_PREFIX_HEADER = "HT6022_OSX/HT6022_OSX-Prefix.pch";
				GCC_PREPROCESSOR_DEFINITIONS = (
					"DEBUG=1",
					"$(inherited)",
				);
				INFOPLIST_FILE = "HT6022_OSXTests/HT6022_OSXTests-Info.plist";
				PRODUCT_NAME = "$(TARGET_NAME)";
				TEST_HOST = "$(BUNDLE_LOADER)";
				WRAPPER_EXTENSION = xctest;
			};
			name = Debug;
		};
		95C888131976389A00865187 /* Release */ = {
			isa = XCBuildConfiguration;
			buildSettings = {
				BUNDLE_LOADER = "$(BUILT_PRODUCTS_DIR)/HT6022_OSX.app/Contents/MacOS/HT6022_OSX";
				COMBINE_HIDPI_IMAGES = YES;
				FRAMEWORK_SEARCH_PATHS = (
					"$(DEVELOPER_FRAMEWORKS_DIR)",
					"$(inherited)",
				);
				GCC_PRECOMPILE_PREFIX_HEADER = YES;
				GCC_PREFIX_HEADER = "HT6022_OSX/HT6022_OSX-Prefix.pch";
				INFOPLIST_FILE = "HT6022_OSXTests/HT6022_OSXTests-Info.plist";
				PRODUCT_NAME = "$(TARGET_NAME)";
				TEST_HOST = "$(BUNDLE_LOADER)";
				WRAPPER_EXTENSION = xctest;
			};
			name = Release;
		};
/* End XCBuildConfiguration section */

/* Begin XCConfigurationList section */
		95C887D81976389A00865187 /* Build configuration list for PBXProject "HT6022_OSX" */ = {
			isa = XCConfigurationList;
			buildConfigurations = (
				95C8880C1976389A00865187 /* Debug */,
				95C8880D1976389A00865187 /* Release */,
			);
			defaultConfigurationIsVisible = 0;
			defaultConfigurationName = Release;
		};
		95C8880E1976389A00865187 /* Build configuration list for PBXNativeTarget "HT6022_OSX" */ = {
			isa = XCConfigurationList;
			buildConfigurations = (
				95C8880F1976389A00865187 /* Debug */,
				95C888101976389A00865187 /* Release */,
			);
			defaultConfigurationIsVisible = 0;
			defaultConfigurationName = Release;
		};
		95C888111976389A00865187 /* Build configuration list for PBXNativeTarget "HT6022_OSXTests" */ = {
			isa = XCConfigurationList;
			buildConfigurations = (
				95C888121976389A00865187 /* Debug */,
				95C888131976389A00865187 /* Release */,
			);
			defaultConfigurationIsVisible = 0;
			defaultConfigurationName = Release;
		};
/* End XCConfigurationList section */
	};
	rootObject = 95C887D51976389A00865187 /* Project object */;
}
